
Microsoft Visual Studio Solution File, Format Version 12.00
# Visual Studio 15
VisualStudioVersion = 15.0.28307.271
MinimumVisualStudioVersion = 10.0.40219.1
Project("{FAE04EC0-301F-11D3-BF4B-00C04F79EFBC}") = "RectClash", "RectClash\RectClash.csproj", "{14E68348-0754-4511-8407-3A1EDB82C9D3}"
EndProject
Project("{9A19103F-16F7-4668-BE54-9A1E7A4F7556}") = "PaulECS", "..\PaulECS\PaulECS\PaulECS.csproj", "{3DED867F-4493-4C12-9DAF-73BAEBAA1191}"
EndProject
Project("{9A19103F-16F7-4668-BE54-9A1E7A4F7556}") = "SFMLComs", "..\PaulECS\SFMLComs\SFMLComs.csproj", "{BF74C487-CEDD-4762-A6F8-322A5936BC66}"
EndProject
Global
	GlobalSection(SolutionConfigurationPlatforms) = preSolution
		Debug|Any CPU = Debug|Any CPU
		Release|Any CPU = Release|Any CPU
	EndGlobalSection
	GlobalSection(ProjectConfigurationPlatforms) = postSolution
		{14E68348-0754-4511-8407-3A1EDB82C9D3}.Debug|Any CPU.ActiveCfg = Debug|Any CPU
		{14E68348-0754-4511-8407-3A1EDB82C9D3}.Debug|Any CPU.Build.0 = Debug|Any CPU
		{14E68348-0754-4511-8407-3A1EDB82C9D3}.Release|Any CPU.ActiveCfg = Release|Any CPU
		{14E68348-0754-4511-8407-3A1EDB82C9D3}.Release|Any CPU.Build.0 = Release|Any CPU
		{3DED867F-4493-4C12-9DAF-73BAEBAA1191}.Debug|Any CPU.ActiveCfg = Debug|Any CPU
		{3DED867F-4493-4C12-9DAF-73BAEBAA1191}.Debug|Any CPU.Build.0 = Debug|Any CPU
		{3DED867F-4493-4C12-9DAF-73BAEBAA1191}.Release|Any CPU.ActiveCfg = Release|Any CPU
		{3DED867F-4493-4C12-9DAF-73BAEBAA1191}.Release|Any CPU.Build.0 = Release|Any CPU
		{BF74C487-CEDD-4762-A6F8-322A5936BC66}.Debug|Any CPU.ActiveCfg = Debug|Any CPU
		{BF74C487-CEDD-4762-A6F8-322A5936BC66}.Debug|Any CPU.Build.0 = Debug|Any CPU
		{BF74C487-CEDD-4762-A6F8-322A5936BC66}.Release|Any CPU.ActiveCfg = Release|Any CPU
		{BF74C487-CEDD-4762-A6F8-322A5936BC66}.Release|Any CPU.Build.0 = Release|Any CPU
	EndGlobalSection
	GlobalSection(SolutionProperties) = preSolution
		HideSolutionNode = FALSE
	EndGlobalSection
	GlobalSection(ExtensibilityGlobals) = postSolution
		SolutionGuid = {987A1E04-1F96-4B67-8FB9-652E3F5F0F11}
	EndGlobalSection
EndGlobal
